// !$*UTF8*$!
{
	archiveVersion = 1;
	classes = {
	};
	objectVersion = 46;
	objects = {

/* Begin PBXBuildFile section */
		EE31C1C21F7E1DF20096DE13 /* AppDelegate.swift in Sources */ = {isa = PBXBuildFile; fileRef = EE31C1C11F7E1DF20096DE13 /* AppDelegate.swift */; };
		EE31C1C41F7E1DF20096DE13 /* ViewController.swift in Sources */ = {isa = PBXBuildFile; fileRef = EE31C1C31F7E1DF20096DE13 /* ViewController.swift */; };
		EE31C1C71F7E1DF20096DE13 /* Main.storyboard in Resources */ = {isa = PBXBuildFile; fileRef = EE31C1C51F7E1DF20096DE13 /* Main.storyboard */; };
		EE31C1C91F7E1DF20096DE13 /* Assets.xcassets in Resources */ = {isa = PBXBuildFile; fileRef = EE31C1C81F7E1DF20096DE13 /* Assets.xcassets */; };
		EE31C1CC1F7E1DF20096DE13 /* LaunchScreen.storyboard in Resources */ = {isa = PBXBuildFile; fileRef = EE31C1CA1F7E1DF20096DE13 /* LaunchScreen.storyboard */; };
		EE31C1D41F7E2C510096DE13 /* MyFirstCell.swift in Sources */ = {isa = PBXBuildFile; fileRef = EE31C1D31F7E2C510096DE13 /* MyFirstCell.swift */; };
		EE31C1DD1F7E2FC80096DE13 /* 1.png in Resources */ = {isa = PBXBuildFile; fileRef = EE31C1D51F7E2FC80096DE13 /* 1.png */; };
		EE31C1DE1F7E2FC80096DE13 /* 2.png in Resources */ = {isa = PBXBuildFile; fileRef = EE31C1D61F7E2FC80096DE13 /* 2.png */; };
		EE31C1DF1F7E2FC80096DE13 /* 3.png in Resources */ = {isa = PBXBuildFile; fileRef = EE31C1D71F7E2FC80096DE13 /* 3.png */; };
		EE31C1E01F7E2FC80096DE13 /* 4.png in Resources */ = {isa = PBXBuildFile; fileRef = EE31C1D81F7E2FC80096DE13 /* 4.png */; };
		EE31C1E11F7E2FC80096DE13 /* 5.png in Resources */ = {isa = PBXBuildFile; fileRef = EE31C1D91F7E2FC80096DE13 /* 5.png */; };
		EE31C1E21F7E2FC80096DE13 /* 6.png in Resources */ = {isa = PBXBuildFile; fileRef = EE31C1DA1F7E2FC80096DE13 /* 6.png */; };
		EE31C1E31F7E2FC80096DE13 /* 7.png in Resources */ = {isa = PBXBuildFile; fileRef = EE31C1DB1F7E2FC80096DE13 /* 7.png */; };
		EE31C1E41F7E2FC80096DE13 /* 8.png in Resources */ = {isa = PBXBuildFile; fileRef = EE31C1DC1F7E2FC80096DE13 /* 8.png */; };
/* End PBXBuildFile section */

/* Begin PBXFileReference section */
		EE31C1BE1F7E1DF20096DE13 /* TableViewTest.app */ = {isa = PBXFileReference; explicitFileType = wrapper.application; includeInIndex = 0; path = TableViewTest.app; sourceTree = BUILT_PRODUCTS_DIR; };
		EE31C1C11F7E1DF20096DE13 /* AppDelegate.swift */ = {isa = PBXFileReference; lastKnownFileType = sourcecode.swift; path = AppDelegate.swift; sourceTree = "<group>"; };
		EE31C1C31F7E1DF20096DE13 /* ViewController.swift */ = {isa = PBXFileReference; lastKnownFileType = sourcecode.swift; path = ViewController.swift; sourceTree = "<group>"; };
		EE31C1C61F7E1DF20096DE13 /* Base */ = {isa = PBXFileReference; lastKnownFileType = file.storyboard; name = Base; path = Base.lproj/Main.storyboard; sourceTree = "<group>"; };
		EE31C1C81F7E1DF20096DE13 /* Assets.xcassets */ = {isa = PBXFileReference; lastKnownFileType = folder.assetcatalog; path = Assets.xcassets; sourceTree = "<group>"; };
		EE31C1CB1F7E1DF20096DE13 /* Base */ = {isa = PBXFileReference; lastKnownFileType = file.storyboard; name = Base; path = Base.lproj/LaunchScreen.storyboard; sourceTree = "<group>"; };
		EE31C1CD1F7E1DF20096DE13 /* Info.plist */ = {isa = PBXFileReference; lastKnownFileType = text.plist.xml; path = Info.plist; sourceTree = "<group>"; };
		EE31C1D31F7E2C510096DE13 /* MyFirstCell.swift */ = {isa = PBXFileReference; fileEncoding = 4; lastKnownFileType = sourcecode.swift; path = MyFirstCell.swift; sourceTree = "<group>"; };
		EE31C1D51F7E2FC80096DE13 /* 1.png */ = {isa = PBXFileReference; lastKnownFileType = image.png; path = 1.png; sourceTree = "<group>"; };
		EE31C1D61F7E2FC80096DE13 /* 2.png */ = {isa = PBXFileReference; lastKnownFileType = image.png; path = 2.png; sourceTree = "<group>"; };
		EE31C1D71F7E2FC80096DE13 /* 3.png */ = {isa = PBXFileReference; lastKnownFileType = image.png; path = 3.png; sourceTree = "<group>"; };
		EE31C1D81F7E2FC80096DE13 /* 4.png */ = {isa = PBXFileReference; lastKnownFileType = image.png; path = 4.png; sourceTree = "<group>"; };
		EE31C1D91F7E2FC80096DE13 /* 5.png */ = {isa = PBXFileReference; lastKnownFileType = image.png; path = 5.png; sourceTree = "<group>"; };
		EE31C1DA1F7E2FC80096DE13 /* 6.png */ = {isa = PBXFileReference; lastKnownFileType = image.png; path = 6.png; sourceTree = "<group>"; };
		EE31C1DB1F7E2FC80096DE13 /* 7.png */ = {isa = PBXFileReference; lastKnownFileType = image.png; path = 7.png; sourceTree = "<group>"; };
		EE31C1DC1F7E2FC80096DE13 /* 8.png */ = {isa = PBXFileReference; lastKnownFileType = image.png; path = 8.png; sourceTree = "<group>"; };
/* End PBXFileReference section */

/* Begin PBXFrameworksBuildPhase section */
		EE31C1BB1F7E1DF20096DE13 /* Frameworks */ = {
			isa = PBXFrameworksBuildPhase;
			buildActionMask = 2147483647;
			files = (
			);
			runOnlyForDeploymentPostprocessing = 0;
		};
/* End PBXFrameworksBuildPhase section */

/* Begin PBXGroup section */
		EE31C1B51F7E1DF10096DE13 = {
			isa = PBXGroup;
			children = (
				EE31C1C01F7E1DF20096DE13 /* TableViewTest */,
				EE31C1BF1F7E1DF20096DE13 /* Products */,
			);
			sourceTree = "<group>";
		};
		EE31C1BF1F7E1DF20096DE13 /* Products */ = {
			isa = PBXGroup;
			children = (
				EE31C1BE1F7E1DF20096DE13 /* TableViewTest.app */,
			);
			name = Products;
			sourceTree = "<group>";
		};
		EE31C1C01F7E1DF20096DE13 /* TableViewTest */ = {
			isa = PBXGroup;
			children = (
				EE31C1C11F7E1DF20096DE13 /* AppDelegate.swift */,
				EE31C1C31F7E1DF20096DE13 /* ViewController.swift */,
				EE31C1D51F7E2FC80096DE13 /* 1.png */,
				EE31C1D61F7E2FC80096DE13 /* 2.png */,
				EE31C1D71F7E2FC80096DE13 /* 3.png */,
				EE31C1D81F7E2FC80096DE13 /* 4.png */,
				EE31C1D91F7E2FC80096DE13 /* 5.png */,
				EE31C1DA1F7E2FC80096DE13 /* 6.png */,
				EE31C1DB1F7E2FC80096DE13 /* 7.png */,
				EE31C1DC1F7E2FC80096DE13 /* 8.png */,
				EE31C1D31F7E2C510096DE13 /* MyFirstCell.swift */,
				EE31C1C51F7E1DF20096DE13 /* Main.storyboard */,
				EE31C1C81F7E1DF20096DE13 /* Assets.xcassets */,
				EE31C1CA1F7E1DF20096DE13 /* LaunchScreen.storyboard */,
				EE31C1CD1F7E1DF20096DE13 /* Info.plist */,
			);
			path = TableViewTest;
			sourceTree = "<group>";
		};
/* End PBXGroup section */

/* Begin PBXNativeTarget section */
		EE31C1BD1F7E1DF20096DE13 /* TableViewTest */ = {
			isa = PBXNativeTarget;
			buildConfigurationList = EE31C1D01F7E1DF20096DE13 /* Build configuration list for PBXNativeTarget "TableViewTest" */;
			buildPhases = (
				EE31C1BA1F7E1DF20096DE13 /* Sources */,
				EE31C1BB1F7E1DF20096DE13 /* Frameworks */,
				EE31C1BC1F7E1DF20096DE13 /* Resources */,
			);
			buildRules = (
			);
			dependencies = (
			);
			name = TableViewTest;
			productName = TableViewTest;
			productReference = EE31C1BE1F7E1DF20096DE13 /* TableViewTest.app */;
			productType = "com.apple.product-type.application";
		};
/* End PBXNativeTarget section */

/* Begin PBXProject section */
		EE31C1B61F7E1DF20096DE13 /* Project object */ = {
			isa = PBXProject;
			attributes = {
				LastSwiftUpdateCheck = 0830;
				LastUpgradeCheck = 0830;
				ORGANIZATIONNAME = "심 승민";
				TargetAttributes = {
					EE31C1BD1F7E1DF20096DE13 = {
						CreatedOnToolsVersion = 8.3.3;
						ProvisioningStyle = Automatic;
					};
				};
			};
			buildConfigurationList = EE31C1B91F7E1DF20096DE13 /* Build configuration list for PBXProject "TableViewTest" */;
			compatibilityVersion = "Xcode 3.2";
			developmentRegion = English;
			hasScannedForEncodings = 0;
			knownRegions = (
				en,
				Base,
			);
			mainGroup = EE31C1B51F7E1DF10096DE13;
			productRefGroup = EE31C1BF1F7E1DF20096DE13 /* Products */;
			projectDirPath = "";
			projectRoot = "";
			targets = (
				EE31C1BD1F7E1DF20096DE13 /* TableViewTest */,
			);
		};
/* End PBXProject section */

/* Begin PBXResourcesBuildPhase section */
		EE31C1BC1F7E1DF20096DE13 /* Resources */ = {
			isa = PBXResourcesBuildPhase;
			buildActionMask = 2147483647;
			files = (
				EE31C1E41F7E2FC80096DE13 /* 8.png in Resources */,
				EE31C1CC1F7E1DF20096DE13 /* LaunchScreen.storyboard in Resources */,
				EE31C1E01F7E2FC80096DE13 /* 4.png in Resources */,
				EE31C1DD1F7E2FC80096DE13 /* 1.png in Resources */,
				EE31C1E21F7E2FC80096DE13 /* 6.png in Resources */,
				EE31C1DE1F7E2FC80096DE13 /* 2.png in Resources */,
				EE31C1DF1F7E2FC80096DE13 /* 3.png in Resources */,
				EE31C1E11F7E2FC80096DE13 /* 5.png in Resources */,
				EE31C1E31F7E2FC80096DE13 /* 7.png in Resources */,
				EE31C1C91F7E1DF20096DE13 /* Assets.xcassets in Resources */,
				EE31C1C71F7E1DF20096DE13 /* Main.storyboard in Resources */,
			);
			runOnlyForDeploymentPostprocessing = 0;
		};
/* End PBXResourcesBuildPhase section */

/* Begin PBXSourcesBuildPhase section */
		EE31C1BA1F7E1DF20096DE13 /* Sources */ = {
			isa = PBXSourcesBuildPhase;
			buildActionMask = 2147483647;
			files = (
				EE31C1C41F7E1DF20096DE13 /* ViewController.swift in Sources */,
				EE31C1C21F7E1DF20096DE13 /* AppDelegate.swift in Sources */,
				EE31C1D41F7E2C510096DE13 /* MyFirstCell.swift in Sources */,
			);
			runOnlyForDeploymentPostprocessing = 0;
		};
/* End PBXSourcesBuildPhase section */

/* Begin PBXVariantGroup section */
		EE31C1C51F7E1DF20096DE13 /* Main.storyboard */ = {
			isa = PBXVariantGroup;
			children = (
				EE31C1C61F7E1DF20096DE13 /* Base */,
			);
			name = Main.storyboard;
			sourceTree = "<group>";
		};
		EE31C1CA1F7E1DF20096DE13 /* LaunchScreen.storyboard */ = {
			isa = PBXVariantGroup;
			children = (
				EE31C1CB1F7E1DF20096DE13 /* Base */,
			);
			name = LaunchScreen.storyboard;
			sourceTree = "<group>";
		};
/* End PBXVariantGroup section */

/* Begin XCBuildConfiguration section */
		EE31C1CE1F7E1DF20096DE13 /* Debug */ = {
			isa = XCBuildConfiguration;
			buildSettings = {
				ALWAYS_SEARCH_USER_PATHS = NO;
				CLANG_ANALYZER_NONNULL = YES;
				CLANG_ANALYZER_NUMBER_OBJECT_CONVERSION = YES_AGGRESSIVE;
				CLANG_CXX_LANGUAGE_STANDARD = "gnu++0x";
				CLANG_CXX_LIBRARY = "libc++";
				CLANG_ENABLE_MODULES = YES;
				CLANG_ENABLE_OBJC_ARC = YES;
				CLANG_WARN_BOOL_CONVERSION = YES;
				CLANG_WARN_CONSTANT_CONVERSION = YES;
				CLANG_WARN_DIRECT_OBJC_ISA_USAGE = YES_ERROR;
				CLANG_WARN_DOCUMENTATION_COMMENTS = YES;
				CLANG_WARN_EMPTY_BODY = YES;
				CLANG_WARN_ENUM_CONVERSION = YES;
				CLANG_WARN_INFINITE_RECURSION = YES;
				CLANG_WARN_INT_CONVERSION = YES;
				CLANG_WARN_OBJC_ROOT_CLASS = YES_ERROR;
				CLANG_WARN_SUSPICIOUS_MOVE = YES;
				CLANG_WARN_UNREACHABLE_CODE = YES;
				CLANG_WARN__DUPLICATE_METHOD_MATCH = YES;
				"CODE_SIGN_IDENTITY[sdk=iphoneos*]" = "iPhone Developer";
				COPY_PHASE_STRIP = NO;
				DEBUG_INFORMATION_FORMAT = dwarf;
				ENABLE_STRICT_OBJC_MSGSEND = YES;
				ENABLE_TESTABILITY = YES;
				GCC_C_LANGUAGE_STANDARD = gnu99;
				GCC_DYNAMIC_NO_PIC = NO;
				GCC_NO_COMMON_BLOCKS = YES;
				GCC_OPTIMIZATION_LEVEL = 0;
				GCC_PREPROCESSOR_DEFINITIONS = (
					"DEBUG=1",
					"$(inherited)",
				);
				GCC_WARN_64_TO_32_BIT_CONVERSION = YES;
				GCC_WARN_ABOUT_RETURN_TYPE = YES_ERROR;
				GCC_WARN_UNDECLARED_SELECTOR = YES;
				GCC_WARN_UNINITIALIZED_AUTOS = YES_AGGRESSIVE;
				GCC_WARN_UNUSED_FUNCTION = YES;
				GCC_WARN_UNUSED_VARIABLE = YES;
				IPHONEOS_DEPLOYMENT_TARGET = 10.3;
				MTL_ENABLE_DEBUG_INFO = YES;
				ONLY_ACTIVE_ARCH = YES;
				SDKROOT = iphoneos;
				SWIFT_ACTIVE_COMPILATION_CONDITIONS = DEBUG;
				SWIFT_OPTIMIZATION_LEVEL = "-Onone";
			};
			name = Debug;
		};
		EE31C1CF1F7E1DF20096DE13 /* Release */ = {
			isa = XCBuildConfiguration;
			buildSettings = {
				ALWAYS_SEARCH_USER_PATHS = NO;
				CLANG_ANALYZER_NONNULL = YES;
				CLANG_ANALYZER_NUMBER_OBJECT_CONVERSION = YES_AGGRESSIVE;
				CLANG_CXX_LANGUAGE_STANDARD = "gnu++0x";
				CLANG_CXX_LIBRARY = "libc++";
				CLANG_ENABLE_MODULES = YES;
				CLANG_ENABLE_OBJC_ARC = YES;
				CLANG_WARN_BOOL_CONVERSION = YES;
				CLANG_WARN_CONSTANT_CONVERSION = YES;
				CLANG_WARN_DIRECT_OBJC_ISA_USAGE = YES_ERROR;
				CLANG_WARN_DOCUMENTATION_COMMENTS = YES;
				CLANG_WARN_EMPTY_BODY = YES;
				CLANG_WARN_ENUM_CONVERSION = YES;
				CLANG_WARN_INFINITE_RECURSION = YES;
				CLANG_WARN_INT_CONVERSION = YES;
				CLANG_WARN_OBJC_ROOT_CLASS = YES_ERROR;
				CLANG_WARN_SUSPICIOUS_MOVE = YES;
				CLANG_WARN_UNREACHABLE_CODE = YES;
				CLANG_WARN__DUPLICATE_METHOD_MATCH = YES;
				"CODE_SIGN_IDENTITY[sdk=iphoneos*]" = "iPhone Developer";
				COPY_PHASE_STRIP = NO;
				DEBUG_INFORMATION_FORMAT = "dwarf-with-dsym";
				ENABLE_NS_ASSERTIONS = NO;
				ENABLE_STRICT_OBJC_MSGSEND = YES;
				GCC_C_LANGUAGE_STANDARD = gnu99;
				GCC_NO_COMMON_BLOCKS = YES;
				GCC_WARN_64_TO_32_BIT_CONVERSION = YES;
				GCC_WARN_ABOUT_RETURN_TYPE = YES_ERROR;
				GCC_WARN_UNDECLARED_SELECTOR = YES;
				GCC_WARN_UNINITIALIZED_AUTOS = YES_AGGRESSIVE;
				GCC_WARN_UNUSED_FUNCTION = YES;
				GCC_WARN_UNUSED_VARIABLE = YES;
				IPHONEOS_DEPLOYMENT_TARGET = 10.3;
				MTL_ENABLE_DEBUG_INFO = NO;
				SDKROOT = iphoneos;
				SWIFT_OPTIMIZATION_LEVEL = "-Owholemodule";
				VALIDATE_PRODUCT = YES;
			};
			name = Release;
		};
		EE31C1D11F7E1DF20096DE13 /* Debug */ = {
			isa = XCBuildConfiguration;
			buildSettings = {
				ASSETCATALOG_COMPILER_APPICON_NAME = AppIcon;
				INFOPLIST_FILE = TableViewTest/Info.plist;
				LD_RUNPATH_SEARCH_PATHS = "$(inherited) @executable_path/Frameworks";
				PRODUCT_BUNDLE_IDENTIFIER = com.undervine.TableViewTest;
				PRODUCT_NAME = "$(TARGET_NAME)";
				SWIFT_VERSION = 3.0;
			};
			name = Debug;
		};
		EE31C1D21F7E1DF20096DE13 /* Release */ = {
			isa = XCBuildConfiguration;
			buildSettings = {
				ASSETCATALOG_COMPILER_APPICON_NAME = AppIcon;
				INFOPLIST_FILE = TableViewTest/Info.plist;
				LD_RUNPATH_SEARCH_PATHS = "$(inherited) @executable_path/Frameworks";
				PRODUCT_BUNDLE_IDENTIFIER = com.undervine.TableViewTest;
				PRODUCT_NAME = "$(TARGET_NAME)";
				SWIFT_VERSION = 3.0;
			};
			name = Release;
		};
/* End XCBuildConfiguration section */

/* Begin XCConfigurationList section */
		EE31C1B91F7E1DF20096DE13 /* Build configuration list for PBXProject "TableViewTest" */ = {
			isa = XCConfigurationList;
			buildConfigurations = (
				EE31C1CE1F7E1DF20096DE13 /* Debug */,
				EE31C1CF1F7E1DF20096DE13 /* Release */,
			);
			defaultConfigurationIsVisible = 0;
			defaultConfigurationName = Release;
		};
		EE31C1D01F7E1DF20096DE13 /* Build configuration list for PBXNativeTarget "TableViewTest" */ = {
			isa = XCConfigurationList;
			buildConfigurations = (
				EE31C1D11F7E1DF20096DE13 /* Debug */,
				EE31C1D21F7E1DF20096DE13 /* Release */,
			);
			defaultConfigurationIsVisible = 0;
		};
/* End XCConfigurationList section */
	};
	rootObject = EE31C1B61F7E1DF20096DE13 /* Project object */;
}
