// !$*UTF8*$!
{
	archiveVersion = 1;
	classes = {
	};
	objectVersion = 48;
	objects = {

/* Begin PBXBuildFile section */
		EE54131E1F8DE27B00ECAF92 /* SecondViewController.swift in Sources */ = {isa = PBXBuildFile; fileRef = EE54131D1F8DE27B00ECAF92 /* SecondViewController.swift */; };
		EE6776921F8DB7B5000F9B04 /* AppDelegate.swift in Sources */ = {isa = PBXBuildFile; fileRef = EE6776911F8DB7B5000F9B04 /* AppDelegate.swift */; };
		EE6776941F8DB7B5000F9B04 /* ViewController.swift in Sources */ = {isa = PBXBuildFile; fileRef = EE6776931F8DB7B5000F9B04 /* ViewController.swift */; };
		EE6776971F8DB7B5000F9B04 /* Main.storyboard in Resources */ = {isa = PBXBuildFile; fileRef = EE6776951F8DB7B5000F9B04 /* Main.storyboard */; };
		EE6776991F8DB7B5000F9B04 /* Assets.xcassets in Resources */ = {isa = PBXBuildFile; fileRef = EE6776981F8DB7B5000F9B04 /* Assets.xcassets */; };
		EE67769C1F8DB7B5000F9B04 /* LaunchScreen.storyboard in Resources */ = {isa = PBXBuildFile; fileRef = EE67769A1F8DB7B5000F9B04 /* LaunchScreen.storyboard */; };
/* End PBXBuildFile section */

/* Begin PBXFileReference section */
		EE54131D1F8DE27B00ECAF92 /* SecondViewController.swift */ = {isa = PBXFileReference; lastKnownFileType = sourcecode.swift; path = SecondViewController.swift; sourceTree = "<group>"; };
		EE67768E1F8DB7B5000F9B04 /* NavigationVCTest.app */ = {isa = PBXFileReference; explicitFileType = wrapper.application; includeInIndex = 0; path = NavigationVCTest.app; sourceTree = BUILT_PRODUCTS_DIR; };
		EE6776911F8DB7B5000F9B04 /* AppDelegate.swift */ = {isa = PBXFileReference; lastKnownFileType = sourcecode.swift; path = AppDelegate.swift; sourceTree = "<group>"; };
		EE6776931F8DB7B5000F9B04 /* ViewController.swift */ = {isa = PBXFileReference; lastKnownFileType = sourcecode.swift; path = ViewController.swift; sourceTree = "<group>"; };
		EE6776961F8DB7B5000F9B04 /* Base */ = {isa = PBXFileReference; lastKnownFileType = file.storyboard; name = Base; path = Base.lproj/Main.storyboard; sourceTree = "<group>"; };
		EE6776981F8DB7B5000F9B04 /* Assets.xcassets */ = {isa = PBXFileReference; lastKnownFileType = folder.assetcatalog; path = Assets.xcassets; sourceTree = "<group>"; };
		EE67769B1F8DB7B5000F9B04 /* Base */ = {isa = PBXFileReference; lastKnownFileType = file.storyboard; name = Base; path = Base.lproj/LaunchScreen.storyboard; sourceTree = "<group>"; };
		EE67769D1F8DB7B5000F9B04 /* Info.plist */ = {isa = PBXFileReference; lastKnownFileType = text.plist.xml; path = Info.plist; sourceTree = "<group>"; };
/* End PBXFileReference section */

/* Begin PBXFrameworksBuildPhase section */
		EE67768B1F8DB7B5000F9B04 /* Frameworks */ = {
			isa = PBXFrameworksBuildPhase;
			buildActionMask = 2147483647;
			files = (
			);
			runOnlyForDeploymentPostprocessing = 0;
		};
/* End PBXFrameworksBuildPhase section */

/* Begin PBXGroup section */
		EE6776851F8DB7B5000F9B04 = {
			isa = PBXGroup;
			children = (
				EE6776901F8DB7B5000F9B04 /* NavigationVCTest */,
				EE67768F1F8DB7B5000F9B04 /* Products */,
			);
			sourceTree = "<group>";
		};
		EE67768F1F8DB7B5000F9B04 /* Products */ = {
			isa = PBXGroup;
			children = (
				EE67768E1F8DB7B5000F9B04 /* NavigationVCTest.app */,
			);
			name = Products;
			sourceTree = "<group>";
		};
		EE6776901F8DB7B5000F9B04 /* NavigationVCTest */ = {
			isa = PBXGroup;
			children = (
				EE6776911F8DB7B5000F9B04 /* AppDelegate.swift */,
				EE6776931F8DB7B5000F9B04 /* ViewController.swift */,
				EE54131D1F8DE27B00ECAF92 /* SecondViewController.swift */,
				EE6776951F8DB7B5000F9B04 /* Main.storyboard */,
				EE6776981F8DB7B5000F9B04 /* Assets.xcassets */,
				EE67769A1F8DB7B5000F9B04 /* LaunchScreen.storyboard */,
				EE67769D1F8DB7B5000F9B04 /* Info.plist */,
			);
			path = NavigationVCTest;
			sourceTree = "<group>";
		};
/* End PBXGroup section */

/* Begin PBXNativeTarget section */
		EE67768D1F8DB7B5000F9B04 /* NavigationVCTest */ = {
			isa = PBXNativeTarget;
			buildConfigurationList = EE6776A01F8DB7B5000F9B04 /* Build configuration list for PBXNativeTarget "NavigationVCTest" */;
			buildPhases = (
				EE67768A1F8DB7B5000F9B04 /* Sources */,
				EE67768B1F8DB7B5000F9B04 /* Frameworks */,
				EE67768C1F8DB7B5000F9B04 /* Resources */,
			);
			buildRules = (
			);
			dependencies = (
			);
			name = NavigationVCTest;
			productName = NavigationVCTest;
			productReference = EE67768E1F8DB7B5000F9B04 /* NavigationVCTest.app */;
			productType = "com.apple.product-type.application";
		};
/* End PBXNativeTarget section */

/* Begin PBXProject section */
		EE6776861F8DB7B5000F9B04 /* Project object */ = {
			isa = PBXProject;
			attributes = {
				LastSwiftUpdateCheck = 0900;
				LastUpgradeCheck = 0900;
				ORGANIZATIONNAME = "심 승민";
				TargetAttributes = {
					EE67768D1F8DB7B5000F9B04 = {
						CreatedOnToolsVersion = 9.0;
						ProvisioningStyle = Automatic;
					};
				};
			};
			buildConfigurationList = EE6776891F8DB7B5000F9B04 /* Build configuration list for PBXProject "NavigationVCTest" */;
			compatibilityVersion = "Xcode 8.0";
			developmentRegion = en;
			hasScannedForEncodings = 0;
			knownRegions = (
				en,
				Base,
			);
			mainGroup = EE6776851F8DB7B5000F9B04;
			productRefGroup = EE67768F1F8DB7B5000F9B04 /* Products */;
			projectDirPath = "";
			projectRoot = "";
			targets = (
				EE67768D1F8DB7B5000F9B04 /* NavigationVCTest */,
			);
		};
/* End PBXProject section */

/* Begin PBXResourcesBuildPhase section */
		EE67768C1F8DB7B5000F9B04 /* Resources */ = {
			isa = PBXResourcesBuildPhase;
			buildActionMask = 2147483647;
			files = (
				EE67769C1F8DB7B5000F9B04 /* LaunchScreen.storyboard in Resources */,
				EE6776991F8DB7B5000F9B04 /* Assets.xcassets in Resources */,
				EE6776971F8DB7B5000F9B04 /* Main.storyboard in Resources */,
			);
			runOnlyForDeploymentPostprocessing = 0;
		};
/* End PBXResourcesBuildPhase section */

/* Begin PBXSourcesBuildPhase section */
		EE67768A1F8DB7B5000F9B04 /* Sources */ = {
			isa = PBXSourcesBuildPhase;
			buildActionMask = 2147483647;
			files = (
				EE54131E1F8DE27B00ECAF92 /* SecondViewController.swift in Sources */,
				EE6776941F8DB7B5000F9B04 /* ViewController.swift in Sources */,
				EE6776921F8DB7B5000F9B04 /* AppDelegate.swift in Sources */,
			);
			runOnlyForDeploymentPostprocessing = 0;
		};
/* End PBXSourcesBuildPhase section */

/* Begin PBXVariantGroup section */
		EE6776951F8DB7B5000F9B04 /* Main.storyboard */ = {
			isa = PBXVariantGroup;
			children = (
				EE6776961F8DB7B5000F9B04 /* Base */,
			);
			name = Main.storyboard;
			sourceTree = "<group>";
		};
		EE67769A1F8DB7B5000F9B04 /* LaunchScreen.storyboard */ = {
			isa = PBXVariantGroup;
			children = (
				EE67769B1F8DB7B5000F9B04 /* Base */,
			);
			name = LaunchScreen.storyboard;
			sourceTree = "<group>";
		};
/* End PBXVariantGroup section */

/* Begin XCBuildConfiguration section */
		EE67769E1F8DB7B5000F9B04 /* Debug */ = {
			isa = XCBuildConfiguration;
			buildSettings = {
				ALWAYS_SEARCH_USER_PATHS = NO;
				CLANG_ANALYZER_NONNULL = YES;
				CLANG_ANALYZER_NUMBER_OBJECT_CONVERSION = YES_AGGRESSIVE;
				CLANG_CXX_LANGUAGE_STANDARD = "gnu++14";
				CLANG_CXX_LIBRARY = "libc++";
				CLANG_ENABLE_MODULES = YES;
				CLANG_ENABLE_OBJC_ARC = YES;
				CLANG_WARN_BLOCK_CAPTURE_AUTORELEASING = YES;
				CLANG_WARN_BOOL_CONVERSION = YES;
				CLANG_WARN_COMMA = YES;
				CLANG_WARN_CONSTANT_CONVERSION = YES;
				CLANG_WARN_DIRECT_OBJC_ISA_USAGE = YES_ERROR;
				CLANG_WARN_DOCUMENTATION_COMMENTS = YES;
				CLANG_WARN_EMPTY_BODY = YES;
				CLANG_WARN_ENUM_CONVERSION = YES;
				CLANG_WARN_INFINITE_RECURSION = YES;
				CLANG_WARN_INT_CONVERSION = YES;
				CLANG_WARN_NON_LITERAL_NULL_CONVERSION = YES;
				CLANG_WARN_OBJC_LITERAL_CONVERSION = YES;
				CLANG_WARN_OBJC_ROOT_CLASS = YES_ERROR;
				CLANG_WARN_RANGE_LOOP_ANALYSIS = YES;
				CLANG_WARN_STRICT_PROTOTYPES = YES;
				CLANG_WARN_SUSPICIOUS_MOVE = YES;
				CLANG_WARN_UNGUARDED_AVAILABILITY = YES_AGGRESSIVE;
				CLANG_WARN_UNREACHABLE_CODE = YES;
				CLANG_WARN__DUPLICATE_METHOD_MATCH = YES;
				CODE_SIGN_IDENTITY = "iPhone Developer";
				COPY_PHASE_STRIP = NO;
				DEBUG_INFORMATION_FORMAT = dwarf;
				ENABLE_STRICT_OBJC_MSGSEND = YES;
				ENABLE_TESTABILITY = YES;
				GCC_C_LANGUAGE_STANDARD = gnu11;
				GCC_DYNAMIC_NO_PIC = NO;
				GCC_NO_COMMON_BLOCKS = YES;
				GCC_OPTIMIZATION_LEVEL = 0;
				GCC_PREPROCESSOR_DEFINITIONS = (
					"DEBUG=1",
					"$(inherited)",
				);
				GCC_WARN_64_TO_32_BIT_CONVERSION = YES;
				GCC_WARN_ABOUT_RETURN_TYPE = YES_ERROR;
				GCC_WARN_UNDECLARED_SELECTOR = YES;
				GCC_WARN_UNINITIALIZED_AUTOS = YES_AGGRESSIVE;
				GCC_WARN_UNUSED_FUNCTION = YES;
				GCC_WARN_UNUSED_VARIABLE = YES;
				IPHONEOS_DEPLOYMENT_TARGET = 11.0;
				MTL_ENABLE_DEBUG_INFO = YES;
				ONLY_ACTIVE_ARCH = YES;
				SDKROOT = iphoneos;
				SWIFT_ACTIVE_COMPILATION_CONDITIONS = DEBUG;
				SWIFT_OPTIMIZATION_LEVEL = "-Onone";
			};
			name = Debug;
		};
		EE67769F1F8DB7B5000F9B04 /* Release */ = {
			isa = XCBuildConfiguration;
			buildSettings = {
				ALWAYS_SEARCH_USER_PATHS = NO;
				CLANG_ANALYZER_NONNULL = YES;
				CLANG_ANALYZER_NUMBER_OBJECT_CONVERSION = YES_AGGRESSIVE;
				CLANG_CXX_LANGUAGE_STANDARD = "gnu++14";
				CLANG_CXX_LIBRARY = "libc++";
				CLANG_ENABLE_MODULES = YES;
				CLANG_ENABLE_OBJC_ARC = YES;
				CLANG_WARN_BLOCK_CAPTURE_AUTORELEASING = YES;
				CLANG_WARN_BOOL_CONVERSION = YES;
				CLANG_WARN_COMMA = YES;
				CLANG_WARN_CONSTANT_CONVERSION = YES;
				CLANG_WARN_DIRECT_OBJC_ISA_USAGE = YES_ERROR;
				CLANG_WARN_DOCUMENTATION_COMMENTS = YES;
				CLANG_WARN_EMPTY_BODY = YES;
				CLANG_WARN_ENUM_CONVERSION = YES;
				CLANG_WARN_INFINITE_RECURSION = YES;
				CLANG_WARN_INT_CONVERSION = YES;
				CLANG_WARN_NON_LITERAL_NULL_CONVERSION = YES;
				CLANG_WARN_OBJC_LITERAL_CONVERSION = YES;
				CLANG_WARN_OBJC_ROOT_CLASS = YES_ERROR;
				CLANG_WARN_RANGE_LOOP_ANALYSIS = YES;
				CLANG_WARN_STRICT_PROTOTYPES = YES;
				CLANG_WARN_SUSPICIOUS_MOVE = YES;
				CLANG_WARN_UNGUARDED_AVAILABILITY = YES_AGGRESSIVE;
				CLANG_WARN_UNREACHABLE_CODE = YES;
				CLANG_WARN__DUPLICATE_METHOD_MATCH = YES;
				CODE_SIGN_IDENTITY = "iPhone Developer";
				COPY_PHASE_STRIP = NO;
				DEBUG_INFORMATION_FORMAT = "dwarf-with-dsym";
				ENABLE_NS_ASSERTIONS = NO;
				ENABLE_STRICT_OBJC_MSGSEND = YES;
				GCC_C_LANGUAGE_STANDARD = gnu11;
				GCC_NO_COMMON_BLOCKS = YES;
				GCC_WARN_64_TO_32_BIT_CONVERSION = YES;
				GCC_WARN_ABOUT_RETURN_TYPE = YES_ERROR;
				GCC_WARN_UNDECLARED_SELECTOR = YES;
				GCC_WARN_UNINITIALIZED_AUTOS = YES_AGGRESSIVE;
				GCC_WARN_UNUSED_FUNCTION = YES;
				GCC_WARN_UNUSED_VARIABLE = YES;
				IPHONEOS_DEPLOYMENT_TARGET = 11.0;
				MTL_ENABLE_DEBUG_INFO = NO;
				SDKROOT = iphoneos;
				SWIFT_OPTIMIZATION_LEVEL = "-Owholemodule";
				VALIDATE_PRODUCT = YES;
			};
			name = Release;
		};
		EE6776A11F8DB7B5000F9B04 /* Debug */ = {
			isa = XCBuildConfiguration;
			buildSettings = {
				ASSETCATALOG_COMPILER_APPICON_NAME = AppIcon;
				CODE_SIGN_STYLE = Automatic;
				DEVELOPMENT_TEAM = VY6BWEP79H;
				INFOPLIST_FILE = NavigationVCTest/Info.plist;
				LD_RUNPATH_SEARCH_PATHS = "$(inherited) @executable_path/Frameworks";
				PRODUCT_BUNDLE_IDENTIFIER = io.github.undervineg.ios.school.NavigationVCTest;
				PRODUCT_NAME = "$(TARGET_NAME)";
				SWIFT_VERSION = 4.0;
				TARGETED_DEVICE_FAMILY = "1,2";
			};
			name = Debug;
		};
		EE6776A21F8DB7B5000F9B04 /* Release */ = {
			isa = XCBuildConfiguration;
			buildSettings = {
				ASSETCATALOG_COMPILER_APPICON_NAME = AppIcon;
				CODE_SIGN_STYLE = Automatic;
				DEVELOPMENT_TEAM = VY6BWEP79H;
				INFOPLIST_FILE = NavigationVCTest/Info.plist;
				LD_RUNPATH_SEARCH_PATHS = "$(inherited) @executable_path/Frameworks";
				PRODUCT_BUNDLE_IDENTIFIER = io.github.undervineg.ios.school.NavigationVCTest;
				PRODUCT_NAME = "$(TARGET_NAME)";
				SWIFT_VERSION = 4.0;
				TARGETED_DEVICE_FAMILY = "1,2";
			};
			name = Release;
		};
/* End XCBuildConfiguration section */

/* Begin XCConfigurationList section */
		EE6776891F8DB7B5000F9B04 /* Build configuration list for PBXProject "NavigationVCTest" */ = {
			isa = XCConfigurationList;
			buildConfigurations = (
				EE67769E1F8DB7B5000F9B04 /* Debug */,
				EE67769F1F8DB7B5000F9B04 /* Release */,
			);
			defaultConfigurationIsVisible = 0;
			defaultConfigurationName = Release;
		};
		EE6776A01F8DB7B5000F9B04 /* Build configuration list for PBXNativeTarget "NavigationVCTest" */ = {
			isa = XCConfigurationList;
			buildConfigurations = (
				EE6776A11F8DB7B5000F9B04 /* Debug */,
				EE6776A21F8DB7B5000F9B04 /* Release */,
			);
			defaultConfigurationIsVisible = 0;
			defaultConfigurationName = Release;
		};
/* End XCConfigurationList section */
	};
	rootObject = EE6776861F8DB7B5000F9B04 /* Project object */;
}
