// !$*UTF8*$!
{
	archiveVersion = 1;
	classes = {
	};
	objectVersion = 46;
	objects = {

/* Begin PBXBuildFile section */
		0D117F4A1F6A0C5800735E3B /* main.swift in Sources */ = {isa = PBXBuildFile; fileRef = 0D117F491F6A0C5800735E3B /* main.swift */; };
		0D117F511F6A0C6400735E3B /* Customer.swift in Sources */ = {isa = PBXBuildFile; fileRef = 0D117F501F6A0C6400735E3B /* Customer.swift */; };
		0D117F531F6A0C6B00735E3B /* Bank.swift in Sources */ = {isa = PBXBuildFile; fileRef = 0D117F521F6A0C6B00735E3B /* Bank.swift */; };
		0D117F551F6A0C7800735E3B /* Account.swift in Sources */ = {isa = PBXBuildFile; fileRef = 0D117F541F6A0C7800735E3B /* Account.swift */; };
/* End PBXBuildFile section */

/* Begin PBXCopyFilesBuildPhase section */
		0D117F441F6A0C5800735E3B /* CopyFiles */ = {
			isa = PBXCopyFilesBuildPhase;
			buildActionMask = 2147483647;
			dstPath = /usr/share/man/man1/;
			dstSubfolderSpec = 0;
			files = (
			);
			runOnlyForDeploymentPostprocessing = 1;
		};
/* End PBXCopyFilesBuildPhase section */

/* Begin PBXFileReference section */
		0D117F461F6A0C5800735E3B /* ClassPrac */ = {isa = PBXFileReference; explicitFileType = "compiled.mach-o.executable"; includeInIndex = 0; path = ClassPrac; sourceTree = BUILT_PRODUCTS_DIR; };
		0D117F491F6A0C5800735E3B /* main.swift */ = {isa = PBXFileReference; lastKnownFileType = sourcecode.swift; path = main.swift; sourceTree = "<group>"; };
		0D117F501F6A0C6400735E3B /* Customer.swift */ = {isa = PBXFileReference; fileEncoding = 4; lastKnownFileType = sourcecode.swift; path = Customer.swift; sourceTree = "<group>"; };
		0D117F521F6A0C6B00735E3B /* Bank.swift */ = {isa = PBXFileReference; fileEncoding = 4; lastKnownFileType = sourcecode.swift; path = Bank.swift; sourceTree = "<group>"; };
		0D117F541F6A0C7800735E3B /* Account.swift */ = {isa = PBXFileReference; fileEncoding = 4; lastKnownFileType = sourcecode.swift; path = Account.swift; sourceTree = "<group>"; };
/* End PBXFileReference section */

/* Begin PBXFrameworksBuildPhase section */
		0D117F431F6A0C5800735E3B /* Frameworks */ = {
			isa = PBXFrameworksBuildPhase;
			buildActionMask = 2147483647;
			files = (
			);
			runOnlyForDeploymentPostprocessing = 0;
		};
/* End PBXFrameworksBuildPhase section */

/* Begin PBXGroup section */
		0D117F3D1F6A0C5800735E3B = {
			isa = PBXGroup;
			children = (
				0D117F481F6A0C5800735E3B /* ClassPrac */,
				0D117F471F6A0C5800735E3B /* Products */,
			);
			sourceTree = "<group>";
		};
		0D117F471F6A0C5800735E3B /* Products */ = {
			isa = PBXGroup;
			children = (
				0D117F461F6A0C5800735E3B /* ClassPrac */,
			);
			name = Products;
			sourceTree = "<group>";
		};
		0D117F481F6A0C5800735E3B /* ClassPrac */ = {
			isa = PBXGroup;
			children = (
				0D117F491F6A0C5800735E3B /* main.swift */,
				0D117F501F6A0C6400735E3B /* Customer.swift */,
				0D117F521F6A0C6B00735E3B /* Bank.swift */,
				0D117F541F6A0C7800735E3B /* Account.swift */,
			);
			path = ClassPrac;
			sourceTree = "<group>";
		};
/* End PBXGroup section */

/* Begin PBXNativeTarget section */
		0D117F451F6A0C5800735E3B /* ClassPrac */ = {
			isa = PBXNativeTarget;
			buildConfigurationList = 0D117F4D1F6A0C5800735E3B /* Build configuration list for PBXNativeTarget "ClassPrac" */;
			buildPhases = (
				0D117F421F6A0C5800735E3B /* Sources */,
				0D117F431F6A0C5800735E3B /* Frameworks */,
				0D117F441F6A0C5800735E3B /* CopyFiles */,
			);
			buildRules = (
			);
			dependencies = (
			);
			name = ClassPrac;
			productName = ClassPrac;
			productReference = 0D117F461F6A0C5800735E3B /* ClassPrac */;
			productType = "com.apple.product-type.tool";
		};
/* End PBXNativeTarget section */

/* Begin PBXProject section */
		0D117F3E1F6A0C5800735E3B /* Project object */ = {
			isa = PBXProject;
			attributes = {
				LastSwiftUpdateCheck = 0830;
				LastUpgradeCheck = 0830;
				ORGANIZATIONNAME = Dabu;
				TargetAttributes = {
					0D117F451F6A0C5800735E3B = {
						CreatedOnToolsVersion = 8.3.3;
						ProvisioningStyle = Automatic;
					};
				};
			};
			buildConfigurationList = 0D117F411F6A0C5800735E3B /* Build configuration list for PBXProject "ClassPrac" */;
			compatibilityVersion = "Xcode 3.2";
			developmentRegion = English;
			hasScannedForEncodings = 0;
			knownRegions = (
				en,
			);
			mainGroup = 0D117F3D1F6A0C5800735E3B;
			productRefGroup = 0D117F471F6A0C5800735E3B /* Products */;
			projectDirPath = "";
			projectRoot = "";
			targets = (
				0D117F451F6A0C5800735E3B /* ClassPrac */,
			);
		};
/* End PBXProject section */

/* Begin PBXSourcesBuildPhase section */
		0D117F421F6A0C5800735E3B /* Sources */ = {
			isa = PBXSourcesBuildPhase;
			buildActionMask = 2147483647;
			files = (
				0D117F531F6A0C6B00735E3B /* Bank.swift in Sources */,
				0D117F551F6A0C7800735E3B /* Account.swift in Sources */,
				0D117F4A1F6A0C5800735E3B /* main.swift in Sources */,
				0D117F511F6A0C6400735E3B /* Customer.swift in Sources */,
			);
			runOnlyForDeploymentPostprocessing = 0;
		};
/* End PBXSourcesBuildPhase section */

/* Begin XCBuildConfiguration section */
		0D117F4B1F6A0C5800735E3B /* Debug */ = {
			isa = XCBuildConfiguration;
			buildSettings = {
				ALWAYS_SEARCH_USER_PATHS = NO;
				CLANG_ANALYZER_NONNULL = YES;
				CLANG_ANALYZER_NUMBER_OBJECT_CONVERSION = YES_AGGRESSIVE;
				CLANG_CXX_LANGUAGE_STANDARD = "gnu++0x";
				CLANG_CXX_LIBRARY = "libc++";
				CLANG_ENABLE_MODULES = YES;
				CLANG_ENABLE_OBJC_ARC = YES;
				CLANG_WARN_BOOL_CONVERSION = YES;
				CLANG_WARN_CONSTANT_CONVERSION = YES;
				CLANG_WARN_DIRECT_OBJC_ISA_USAGE = YES_ERROR;
				CLANG_WARN_DOCUMENTATION_COMMENTS = YES;
				CLANG_WARN_EMPTY_BODY = YES;
				CLANG_WARN_ENUM_CONVERSION = YES;
				CLANG_WARN_INFINITE_RECURSION = YES;
				CLANG_WARN_INT_CONVERSION = YES;
				CLANG_WARN_OBJC_ROOT_CLASS = YES_ERROR;
				CLANG_WARN_SUSPICIOUS_MOVE = YES;
				CLANG_WARN_UNREACHABLE_CODE = YES;
				CLANG_WARN__DUPLICATE_METHOD_MATCH = YES;
				CODE_SIGN_IDENTITY = "-";
				COPY_PHASE_STRIP = NO;
				DEBUG_INFORMATION_FORMAT = dwarf;
				ENABLE_STRICT_OBJC_MSGSEND = YES;
				ENABLE_TESTABILITY = YES;
				GCC_C_LANGUAGE_STANDARD = gnu99;
				GCC_DYNAMIC_NO_PIC = NO;
				GCC_NO_COMMON_BLOCKS = YES;
				GCC_OPTIMIZATION_LEVEL = 0;
				GCC_PREPROCESSOR_DEFINITIONS = (
					"DEBUG=1",
					"$(inherited)",
				);
				GCC_WARN_64_TO_32_BIT_CONVERSION = YES;
				GCC_WARN_ABOUT_RETURN_TYPE = YES_ERROR;
				GCC_WARN_UNDECLARED_SELECTOR = YES;
				GCC_WARN_UNINITIALIZED_AUTOS = YES_AGGRESSIVE;
				GCC_WARN_UNUSED_FUNCTION = YES;
				GCC_WARN_UNUSED_VARIABLE = YES;
				MACOSX_DEPLOYMENT_TARGET = 10.12;
				MTL_ENABLE_DEBUG_INFO = YES;
				ONLY_ACTIVE_ARCH = YES;
				SDKROOT = macosx;
				SWIFT_OPTIMIZATION_LEVEL = "-Onone";
			};
			name = Debug;
		};
		0D117F4C1F6A0C5800735E3B /* Release */ = {
			isa = XCBuildConfiguration;
			buildSettings = {
				ALWAYS_SEARCH_USER_PATHS = NO;
				CLANG_ANALYZER_NONNULL = YES;
				CLANG_ANALYZER_NUMBER_OBJECT_CONVERSION = YES_AGGRESSIVE;
				CLANG_CXX_LANGUAGE_STANDARD = "gnu++0x";
				CLANG_CXX_LIBRARY = "libc++";
				CLANG_ENABLE_MODULES = YES;
				CLANG_ENABLE_OBJC_ARC = YES;
				CLANG_WARN_BOOL_CONVERSION = YES;
				CLANG_WARN_CONSTANT_CONVERSION = YES;
				CLANG_WARN_DIRECT_OBJC_ISA_USAGE = YES_ERROR;
				CLANG_WARN_DOCUMENTATION_COMMENTS = YES;
				CLANG_WARN_EMPTY_BODY = YES;
				CLANG_WARN_ENUM_CONVERSION = YES;
				CLANG_WARN_INFINITE_RECURSION = YES;
				CLANG_WARN_INT_CONVERSION = YES;
				CLANG_WARN_OBJC_ROOT_CLASS = YES_ERROR;
				CLANG_WARN_SUSPICIOUS_MOVE = YES;
				CLANG_WARN_UNREACHABLE_CODE = YES;
				CLANG_WARN__DUPLICATE_METHOD_MATCH = YES;
				CODE_SIGN_IDENTITY = "-";
				COPY_PHASE_STRIP = NO;
				DEBUG_INFORMATION_FORMAT = "dwarf-with-dsym";
				ENABLE_NS_ASSERTIONS = NO;
				ENABLE_STRICT_OBJC_MSGSEND = YES;
				GCC_C_LANGUAGE_STANDARD = gnu99;
				GCC_NO_COMMON_BLOCKS = YES;
				GCC_WARN_64_TO_32_BIT_CONVERSION = YES;
				GCC_WARN_ABOUT_RETURN_TYPE = YES_ERROR;
				GCC_WARN_UNDECLARED_SELECTOR = YES;
				GCC_WARN_UNINITIALIZED_AUTOS = YES_AGGRESSIVE;
				GCC_WARN_UNUSED_FUNCTION = YES;
				GCC_WARN_UNUSED_VARIABLE = YES;
				MACOSX_DEPLOYMENT_TARGET = 10.12;
				MTL_ENABLE_DEBUG_INFO = NO;
				SDKROOT = macosx;
			};
			name = Release;
		};
		0D117F4E1F6A0C5800735E3B /* Debug */ = {
			isa = XCBuildConfiguration;
			buildSettings = {
				PRODUCT_NAME = "$(TARGET_NAME)";
				SWIFT_VERSION = 3.0;
			};
			name = Debug;
		};
		0D117F4F1F6A0C5800735E3B /* Release */ = {
			isa = XCBuildConfiguration;
			buildSettings = {
				PRODUCT_NAME = "$(TARGET_NAME)";
				SWIFT_VERSION = 3.0;
			};
			name = Release;
		};
/* End XCBuildConfiguration section */

/* Begin XCConfigurationList section */
		0D117F411F6A0C5800735E3B /* Build configuration list for PBXProject "ClassPrac" */ = {
			isa = XCConfigurationList;
			buildConfigurations = (
				0D117F4B1F6A0C5800735E3B /* Debug */,
				0D117F4C1F6A0C5800735E3B /* Release */,
			);
			defaultConfigurationIsVisible = 0;
			defaultConfigurationName = Release;
		};
		0D117F4D1F6A0C5800735E3B /* Build configuration list for PBXNativeTarget "ClassPrac" */ = {
			isa = XCConfigurationList;
			buildConfigurations = (
				0D117F4E1F6A0C5800735E3B /* Debug */,
				0D117F4F1F6A0C5800735E3B /* Release */,
			);
			defaultConfigurationIsVisible = 0;
		};
/* End XCConfigurationList section */
	};
	rootObject = 0D117F3E1F6A0C5800735E3B /* Project object */;
}
