// !$*UTF8*$!
{
	archiveVersion = 1;
	classes = {
	};
	objectVersion = 46;
	objects = {

/* Begin PBXBuildFile section */
		EEBB6C2A1F7DE99C00478246 /* AppDelegate.swift in Sources */ = {isa = PBXBuildFile; fileRef = EEBB6C291F7DE99C00478246 /* AppDelegate.swift */; };
		EEBB6C2C1F7DE99C00478246 /* ViewController.swift in Sources */ = {isa = PBXBuildFile; fileRef = EEBB6C2B1F7DE99C00478246 /* ViewController.swift */; };
		EEBB6C2F1F7DE99C00478246 /* Main.storyboard in Resources */ = {isa = PBXBuildFile; fileRef = EEBB6C2D1F7DE99C00478246 /* Main.storyboard */; };
		EEBB6C311F7DE99C00478246 /* Assets.xcassets in Resources */ = {isa = PBXBuildFile; fileRef = EEBB6C301F7DE99C00478246 /* Assets.xcassets */; };
		EEBB6C341F7DE99C00478246 /* LaunchScreen.storyboard in Resources */ = {isa = PBXBuildFile; fileRef = EEBB6C321F7DE99C00478246 /* LaunchScreen.storyboard */; };
/* End PBXBuildFile section */

/* Begin PBXFileReference section */
		EEBB6C261F7DE99C00478246 /* UIViewTest.app */ = {isa = PBXFileReference; explicitFileType = wrapper.application; includeInIndex = 0; path = UIViewTest.app; sourceTree = BUILT_PRODUCTS_DIR; };
		EEBB6C291F7DE99C00478246 /* AppDelegate.swift */ = {isa = PBXFileReference; lastKnownFileType = sourcecode.swift; path = AppDelegate.swift; sourceTree = "<group>"; };
		EEBB6C2B1F7DE99C00478246 /* ViewController.swift */ = {isa = PBXFileReference; lastKnownFileType = sourcecode.swift; path = ViewController.swift; sourceTree = "<group>"; };
		EEBB6C2E1F7DE99C00478246 /* Base */ = {isa = PBXFileReference; lastKnownFileType = file.storyboard; name = Base; path = Base.lproj/Main.storyboard; sourceTree = "<group>"; };
		EEBB6C301F7DE99C00478246 /* Assets.xcassets */ = {isa = PBXFileReference; lastKnownFileType = folder.assetcatalog; path = Assets.xcassets; sourceTree = "<group>"; };
		EEBB6C331F7DE99C00478246 /* Base */ = {isa = PBXFileReference; lastKnownFileType = file.storyboard; name = Base; path = Base.lproj/LaunchScreen.storyboard; sourceTree = "<group>"; };
		EEBB6C351F7DE99C00478246 /* Info.plist */ = {isa = PBXFileReference; lastKnownFileType = text.plist.xml; path = Info.plist; sourceTree = "<group>"; };
/* End PBXFileReference section */

/* Begin PBXFrameworksBuildPhase section */
		EEBB6C231F7DE99C00478246 /* Frameworks */ = {
			isa = PBXFrameworksBuildPhase;
			buildActionMask = 2147483647;
			files = (
			);
			runOnlyForDeploymentPostprocessing = 0;
		};
/* End PBXFrameworksBuildPhase section */

/* Begin PBXGroup section */
		EEBB6C1D1F7DE99C00478246 = {
			isa = PBXGroup;
			children = (
				EEBB6C281F7DE99C00478246 /* UIViewTest */,
				EEBB6C271F7DE99C00478246 /* Products */,
			);
			sourceTree = "<group>";
		};
		EEBB6C271F7DE99C00478246 /* Products */ = {
			isa = PBXGroup;
			children = (
				EEBB6C261F7DE99C00478246 /* UIViewTest.app */,
			);
			name = Products;
			sourceTree = "<group>";
		};
		EEBB6C281F7DE99C00478246 /* UIViewTest */ = {
			isa = PBXGroup;
			children = (
				EEBB6C291F7DE99C00478246 /* AppDelegate.swift */,
				EEBB6C2B1F7DE99C00478246 /* ViewController.swift */,
				EEBB6C2D1F7DE99C00478246 /* Main.storyboard */,
				EEBB6C301F7DE99C00478246 /* Assets.xcassets */,
				EEBB6C321F7DE99C00478246 /* LaunchScreen.storyboard */,
				EEBB6C351F7DE99C00478246 /* Info.plist */,
			);
			path = UIViewTest;
			sourceTree = "<group>";
		};
/* End PBXGroup section */

/* Begin PBXNativeTarget section */
		EEBB6C251F7DE99C00478246 /* UIViewTest */ = {
			isa = PBXNativeTarget;
			buildConfigurationList = EEBB6C381F7DE99C00478246 /* Build configuration list for PBXNativeTarget "UIViewTest" */;
			buildPhases = (
				EEBB6C221F7DE99C00478246 /* Sources */,
				EEBB6C231F7DE99C00478246 /* Frameworks */,
				EEBB6C241F7DE99C00478246 /* Resources */,
			);
			buildRules = (
			);
			dependencies = (
			);
			name = UIViewTest;
			productName = UIViewTest;
			productReference = EEBB6C261F7DE99C00478246 /* UIViewTest.app */;
			productType = "com.apple.product-type.application";
		};
/* End PBXNativeTarget section */

/* Begin PBXProject section */
		EEBB6C1E1F7DE99C00478246 /* Project object */ = {
			isa = PBXProject;
			attributes = {
				LastSwiftUpdateCheck = 0830;
				LastUpgradeCheck = 0830;
				ORGANIZATIONNAME = "심 승민";
				TargetAttributes = {
					EEBB6C251F7DE99C00478246 = {
						CreatedOnToolsVersion = 8.3.3;
						ProvisioningStyle = Automatic;
					};
				};
			};
			buildConfigurationList = EEBB6C211F7DE99C00478246 /* Build configuration list for PBXProject "UIViewTest" */;
			compatibilityVersion = "Xcode 3.2";
			developmentRegion = English;
			hasScannedForEncodings = 0;
			knownRegions = (
				en,
				Base,
			);
			mainGroup = EEBB6C1D1F7DE99C00478246;
			productRefGroup = EEBB6C271F7DE99C00478246 /* Products */;
			projectDirPath = "";
			projectRoot = "";
			targets = (
				EEBB6C251F7DE99C00478246 /* UIViewTest */,
			);
		};
/* End PBXProject section */

/* Begin PBXResourcesBuildPhase section */
		EEBB6C241F7DE99C00478246 /* Resources */ = {
			isa = PBXResourcesBuildPhase;
			buildActionMask = 2147483647;
			files = (
				EEBB6C341F7DE99C00478246 /* LaunchScreen.storyboard in Resources */,
				EEBB6C311F7DE99C00478246 /* Assets.xcassets in Resources */,
				EEBB6C2F1F7DE99C00478246 /* Main.storyboard in Resources */,
			);
			runOnlyForDeploymentPostprocessing = 0;
		};
/* End PBXResourcesBuildPhase section */

/* Begin PBXSourcesBuildPhase section */
		EEBB6C221F7DE99C00478246 /* Sources */ = {
			isa = PBXSourcesBuildPhase;
			buildActionMask = 2147483647;
			files = (
				EEBB6C2C1F7DE99C00478246 /* ViewController.swift in Sources */,
				EEBB6C2A1F7DE99C00478246 /* AppDelegate.swift in Sources */,
			);
			runOnlyForDeploymentPostprocessing = 0;
		};
/* End PBXSourcesBuildPhase section */

/* Begin PBXVariantGroup section */
		EEBB6C2D1F7DE99C00478246 /* Main.storyboard */ = {
			isa = PBXVariantGroup;
			children = (
				EEBB6C2E1F7DE99C00478246 /* Base */,
			);
			name = Main.storyboard;
			sourceTree = "<group>";
		};
		EEBB6C321F7DE99C00478246 /* LaunchScreen.storyboard */ = {
			isa = PBXVariantGroup;
			children = (
				EEBB6C331F7DE99C00478246 /* Base */,
			);
			name = LaunchScreen.storyboard;
			sourceTree = "<group>";
		};
/* End PBXVariantGroup section */

/* Begin XCBuildConfiguration section */
		EEBB6C361F7DE99C00478246 /* Debug */ = {
			isa = XCBuildConfiguration;
			buildSettings = {
				ALWAYS_SEARCH_USER_PATHS = NO;
				CLANG_ANALYZER_NONNULL = YES;
				CLANG_ANALYZER_NUMBER_OBJECT_CONVERSION = YES_AGGRESSIVE;
				CLANG_CXX_LANGUAGE_STANDARD = "gnu++0x";
				CLANG_CXX_LIBRARY = "libc++";
				CLANG_ENABLE_MODULES = YES;
				CLANG_ENABLE_OBJC_ARC = YES;
				CLANG_WARN_BOOL_CONVERSION = YES;
				CLANG_WARN_CONSTANT_CONVERSION = YES;
				CLANG_WARN_DIRECT_OBJC_ISA_USAGE = YES_ERROR;
				CLANG_WARN_DOCUMENTATION_COMMENTS = YES;
				CLANG_WARN_EMPTY_BODY = YES;
				CLANG_WARN_ENUM_CONVERSION = YES;
				CLANG_WARN_INFINITE_RECURSION = YES;
				CLANG_WARN_INT_CONVERSION = YES;
				CLANG_WARN_OBJC_ROOT_CLASS = YES_ERROR;
				CLANG_WARN_SUSPICIOUS_MOVE = YES;
				CLANG_WARN_UNREACHABLE_CODE = YES;
				CLANG_WARN__DUPLICATE_METHOD_MATCH = YES;
				"CODE_SIGN_IDENTITY[sdk=iphoneos*]" = "iPhone Developer";
				COPY_PHASE_STRIP = NO;
				DEBUG_INFORMATION_FORMAT = dwarf;
				ENABLE_STRICT_OBJC_MSGSEND = YES;
				ENABLE_TESTABILITY = YES;
				GCC_C_LANGUAGE_STANDARD = gnu99;
				GCC_DYNAMIC_NO_PIC = NO;
				GCC_NO_COMMON_BLOCKS = YES;
				GCC_OPTIMIZATION_LEVEL = 0;
				GCC_PREPROCESSOR_DEFINITIONS = (
					"DEBUG=1",
					"$(inherited)",
				);
				GCC_WARN_64_TO_32_BIT_CONVERSION = YES;
				GCC_WARN_ABOUT_RETURN_TYPE = YES_ERROR;
				GCC_WARN_UNDECLARED_SELECTOR = YES;
				GCC_WARN_UNINITIALIZED_AUTOS = YES_AGGRESSIVE;
				GCC_WARN_UNUSED_FUNCTION = YES;
				GCC_WARN_UNUSED_VARIABLE = YES;
				IPHONEOS_DEPLOYMENT_TARGET = 10.3;
				MTL_ENABLE_DEBUG_INFO = YES;
				ONLY_ACTIVE_ARCH = YES;
				SDKROOT = iphoneos;
				SWIFT_ACTIVE_COMPILATION_CONDITIONS = DEBUG;
				SWIFT_OPTIMIZATION_LEVEL = "-Onone";
			};
			name = Debug;
		};
		EEBB6C371F7DE99C00478246 /* Release */ = {
			isa = XCBuildConfiguration;
			buildSettings = {
				ALWAYS_SEARCH_USER_PATHS = NO;
				CLANG_ANALYZER_NONNULL = YES;
				CLANG_ANALYZER_NUMBER_OBJECT_CONVERSION = YES_AGGRESSIVE;
				CLANG_CXX_LANGUAGE_STANDARD = "gnu++0x";
				CLANG_CXX_LIBRARY = "libc++";
				CLANG_ENABLE_MODULES = YES;
				CLANG_ENABLE_OBJC_ARC = YES;
				CLANG_WARN_BOOL_CONVERSION = YES;
				CLANG_WARN_CONSTANT_CONVERSION = YES;
				CLANG_WARN_DIRECT_OBJC_ISA_USAGE = YES_ERROR;
				CLANG_WARN_DOCUMENTATION_COMMENTS = YES;
				CLANG_WARN_EMPTY_BODY = YES;
				CLANG_WARN_ENUM_CONVERSION = YES;
				CLANG_WARN_INFINITE_RECURSION = YES;
				CLANG_WARN_INT_CONVERSION = YES;
				CLANG_WARN_OBJC_ROOT_CLASS = YES_ERROR;
				CLANG_WARN_SUSPICIOUS_MOVE = YES;
				CLANG_WARN_UNREACHABLE_CODE = YES;
				CLANG_WARN__DUPLICATE_METHOD_MATCH = YES;
				"CODE_SIGN_IDENTITY[sdk=iphoneos*]" = "iPhone Developer";
				COPY_PHASE_STRIP = NO;
				DEBUG_INFORMATION_FORMAT = "dwarf-with-dsym";
				ENABLE_NS_ASSERTIONS = NO;
				ENABLE_STRICT_OBJC_MSGSEND = YES;
				GCC_C_LANGUAGE_STANDARD = gnu99;
				GCC_NO_COMMON_BLOCKS = YES;
				GCC_WARN_64_TO_32_BIT_CONVERSION = YES;
				GCC_WARN_ABOUT_RETURN_TYPE = YES_ERROR;
				GCC_WARN_UNDECLARED_SELECTOR = YES;
				GCC_WARN_UNINITIALIZED_AUTOS = YES_AGGRESSIVE;
				GCC_WARN_UNUSED_FUNCTION = YES;
				GCC_WARN_UNUSED_VARIABLE = YES;
				IPHONEOS_DEPLOYMENT_TARGET = 10.3;
				MTL_ENABLE_DEBUG_INFO = NO;
				SDKROOT = iphoneos;
				SWIFT_OPTIMIZATION_LEVEL = "-Owholemodule";
				VALIDATE_PRODUCT = YES;
			};
			name = Release;
		};
		EEBB6C391F7DE99C00478246 /* Debug */ = {
			isa = XCBuildConfiguration;
			buildSettings = {
				ASSETCATALOG_COMPILER_APPICON_NAME = AppIcon;
				INFOPLIST_FILE = UIViewTest/Info.plist;
				LD_RUNPATH_SEARCH_PATHS = "$(inherited) @executable_path/Frameworks";
				PRODUCT_BUNDLE_IDENTIFIER = com.undervine.UIViewTest;
				PRODUCT_NAME = "$(TARGET_NAME)";
				SWIFT_VERSION = 3.0;
			};
			name = Debug;
		};
		EEBB6C3A1F7DE99C00478246 /* Release */ = {
			isa = XCBuildConfiguration;
			buildSettings = {
				ASSETCATALOG_COMPILER_APPICON_NAME = AppIcon;
				INFOPLIST_FILE = UIViewTest/Info.plist;
				LD_RUNPATH_SEARCH_PATHS = "$(inherited) @executable_path/Frameworks";
				PRODUCT_BUNDLE_IDENTIFIER = com.undervine.UIViewTest;
				PRODUCT_NAME = "$(TARGET_NAME)";
				SWIFT_VERSION = 3.0;
			};
			name = Release;
		};
/* End XCBuildConfiguration section */

/* Begin XCConfigurationList section */
		EEBB6C211F7DE99C00478246 /* Build configuration list for PBXProject "UIViewTest" */ = {
			isa = XCConfigurationList;
			buildConfigurations = (
				EEBB6C361F7DE99C00478246 /* Debug */,
				EEBB6C371F7DE99C00478246 /* Release */,
			);
			defaultConfigurationIsVisible = 0;
			defaultConfigurationName = Release;
		};
		EEBB6C381F7DE99C00478246 /* Build configuration list for PBXNativeTarget "UIViewTest" */ = {
			isa = XCConfigurationList;
			buildConfigurations = (
				EEBB6C391F7DE99C00478246 /* Debug */,
				EEBB6C3A1F7DE99C00478246 /* Release */,
			);
			defaultConfigurationIsVisible = 0;
		};
/* End XCConfigurationList section */
	};
	rootObject = EEBB6C1E1F7DE99C00478246 /* Project object */;
}
