// !$*UTF8*$!
{
	archiveVersion = 1;
	classes = {
	};
	objectVersion = 46;
	objects = {

/* Begin PBXBuildFile section */
		EEDC4A3C1F67C39500EBF334 /* AppDelegate.swift in Sources */ = {isa = PBXBuildFile; fileRef = EEDC4A3B1F67C39500EBF334 /* AppDelegate.swift */; };
		EEDC4A3E1F67C39500EBF334 /* ViewController.swift in Sources */ = {isa = PBXBuildFile; fileRef = EEDC4A3D1F67C39500EBF334 /* ViewController.swift */; };
		EEDC4A411F67C39500EBF334 /* Main.storyboard in Resources */ = {isa = PBXBuildFile; fileRef = EEDC4A3F1F67C39500EBF334 /* Main.storyboard */; };
		EEDC4A431F67C39500EBF334 /* Assets.xcassets in Resources */ = {isa = PBXBuildFile; fileRef = EEDC4A421F67C39500EBF334 /* Assets.xcassets */; };
		EEDC4A461F67C39500EBF334 /* LaunchScreen.storyboard in Resources */ = {isa = PBXBuildFile; fileRef = EEDC4A441F67C39500EBF334 /* LaunchScreen.storyboard */; };
		EEDC4A4E1F67C3A200EBF334 /* Pocketmon.swift in Sources */ = {isa = PBXBuildFile; fileRef = EEDC4A4D1F67C3A200EBF334 /* Pocketmon.swift */; };
		EEDC4A501F67C77A00EBF334 /* Pikachu.swift in Sources */ = {isa = PBXBuildFile; fileRef = EEDC4A4F1F67C77A00EBF334 /* Pikachu.swift */; };
		EEDC4A521F67C7B300EBF334 /* Fairi.swift in Sources */ = {isa = PBXBuildFile; fileRef = EEDC4A511F67C7B300EBF334 /* Fairi.swift */; };
		EEDC4A541F67C7D400EBF334 /* Kkobugi.swift in Sources */ = {isa = PBXBuildFile; fileRef = EEDC4A531F67C7D400EBF334 /* Kkobugi.swift */; };
/* End PBXBuildFile section */

/* Begin PBXFileReference section */
		EEDC4A381F67C39500EBF334 /* Pocketmon.app */ = {isa = PBXFileReference; explicitFileType = wrapper.application; includeInIndex = 0; path = Pocketmon.app; sourceTree = BUILT_PRODUCTS_DIR; };
		EEDC4A3B1F67C39500EBF334 /* AppDelegate.swift */ = {isa = PBXFileReference; lastKnownFileType = sourcecode.swift; path = AppDelegate.swift; sourceTree = "<group>"; };
		EEDC4A3D1F67C39500EBF334 /* ViewController.swift */ = {isa = PBXFileReference; lastKnownFileType = sourcecode.swift; path = ViewController.swift; sourceTree = "<group>"; };
		EEDC4A401F67C39500EBF334 /* Base */ = {isa = PBXFileReference; lastKnownFileType = file.storyboard; name = Base; path = Base.lproj/Main.storyboard; sourceTree = "<group>"; };
		EEDC4A421F67C39500EBF334 /* Assets.xcassets */ = {isa = PBXFileReference; lastKnownFileType = folder.assetcatalog; path = Assets.xcassets; sourceTree = "<group>"; };
		EEDC4A451F67C39500EBF334 /* Base */ = {isa = PBXFileReference; lastKnownFileType = file.storyboard; name = Base; path = Base.lproj/LaunchScreen.storyboard; sourceTree = "<group>"; };
		EEDC4A471F67C39500EBF334 /* Info.plist */ = {isa = PBXFileReference; lastKnownFileType = text.plist.xml; path = Info.plist; sourceTree = "<group>"; };
		EEDC4A4D1F67C3A200EBF334 /* Pocketmon.swift */ = {isa = PBXFileReference; fileEncoding = 4; lastKnownFileType = sourcecode.swift; path = Pocketmon.swift; sourceTree = "<group>"; };
		EEDC4A4F1F67C77A00EBF334 /* Pikachu.swift */ = {isa = PBXFileReference; fileEncoding = 4; lastKnownFileType = sourcecode.swift; path = Pikachu.swift; sourceTree = "<group>"; };
		EEDC4A511F67C7B300EBF334 /* Fairi.swift */ = {isa = PBXFileReference; fileEncoding = 4; lastKnownFileType = sourcecode.swift; path = Fairi.swift; sourceTree = "<group>"; };
		EEDC4A531F67C7D400EBF334 /* Kkobugi.swift */ = {isa = PBXFileReference; fileEncoding = 4; lastKnownFileType = sourcecode.swift; path = Kkobugi.swift; sourceTree = "<group>"; };
/* End PBXFileReference section */

/* Begin PBXFrameworksBuildPhase section */
		EEDC4A351F67C39500EBF334 /* Frameworks */ = {
			isa = PBXFrameworksBuildPhase;
			buildActionMask = 2147483647;
			files = (
			);
			runOnlyForDeploymentPostprocessing = 0;
		};
/* End PBXFrameworksBuildPhase section */

/* Begin PBXGroup section */
		EEDC4A2F1F67C39500EBF334 = {
			isa = PBXGroup;
			children = (
				EEDC4A3A1F67C39500EBF334 /* Pocketmon */,
				EEDC4A391F67C39500EBF334 /* Products */,
			);
			sourceTree = "<group>";
		};
		EEDC4A391F67C39500EBF334 /* Products */ = {
			isa = PBXGroup;
			children = (
				EEDC4A381F67C39500EBF334 /* Pocketmon.app */,
			);
			name = Products;
			sourceTree = "<group>";
		};
		EEDC4A3A1F67C39500EBF334 /* Pocketmon */ = {
			isa = PBXGroup;
			children = (
				EEDC4A3B1F67C39500EBF334 /* AppDelegate.swift */,
				EEDC4A3D1F67C39500EBF334 /* ViewController.swift */,
				EEDC4A4D1F67C3A200EBF334 /* Pocketmon.swift */,
				EEDC4A4F1F67C77A00EBF334 /* Pikachu.swift */,
				EEDC4A511F67C7B300EBF334 /* Fairi.swift */,
				EEDC4A531F67C7D400EBF334 /* Kkobugi.swift */,
				EEDC4A3F1F67C39500EBF334 /* Main.storyboard */,
				EEDC4A421F67C39500EBF334 /* Assets.xcassets */,
				EEDC4A441F67C39500EBF334 /* LaunchScreen.storyboard */,
				EEDC4A471F67C39500EBF334 /* Info.plist */,
			);
			path = Pocketmon;
			sourceTree = "<group>";
		};
/* End PBXGroup section */

/* Begin PBXNativeTarget section */
		EEDC4A371F67C39500EBF334 /* Pocketmon */ = {
			isa = PBXNativeTarget;
			buildConfigurationList = EEDC4A4A1F67C39500EBF334 /* Build configuration list for PBXNativeTarget "Pocketmon" */;
			buildPhases = (
				EEDC4A341F67C39500EBF334 /* Sources */,
				EEDC4A351F67C39500EBF334 /* Frameworks */,
				EEDC4A361F67C39500EBF334 /* Resources */,
			);
			buildRules = (
			);
			dependencies = (
			);
			name = Pocketmon;
			productName = Pocketmon;
			productReference = EEDC4A381F67C39500EBF334 /* Pocketmon.app */;
			productType = "com.apple.product-type.application";
		};
/* End PBXNativeTarget section */

/* Begin PBXProject section */
		EEDC4A301F67C39500EBF334 /* Project object */ = {
			isa = PBXProject;
			attributes = {
				LastSwiftUpdateCheck = 0830;
				LastUpgradeCheck = 0830;
				ORGANIZATIONNAME = "심 승민";
				TargetAttributes = {
					EEDC4A371F67C39500EBF334 = {
						CreatedOnToolsVersion = 8.3.3;
						ProvisioningStyle = Automatic;
					};
				};
			};
			buildConfigurationList = EEDC4A331F67C39500EBF334 /* Build configuration list for PBXProject "Pocketmon" */;
			compatibilityVersion = "Xcode 3.2";
			developmentRegion = English;
			hasScannedForEncodings = 0;
			knownRegions = (
				en,
				Base,
			);
			mainGroup = EEDC4A2F1F67C39500EBF334;
			productRefGroup = EEDC4A391F67C39500EBF334 /* Products */;
			projectDirPath = "";
			projectRoot = "";
			targets = (
				EEDC4A371F67C39500EBF334 /* Pocketmon */,
			);
		};
/* End PBXProject section */

/* Begin PBXResourcesBuildPhase section */
		EEDC4A361F67C39500EBF334 /* Resources */ = {
			isa = PBXResourcesBuildPhase;
			buildActionMask = 2147483647;
			files = (
				EEDC4A461F67C39500EBF334 /* LaunchScreen.storyboard in Resources */,
				EEDC4A431F67C39500EBF334 /* Assets.xcassets in Resources */,
				EEDC4A411F67C39500EBF334 /* Main.storyboard in Resources */,
			);
			runOnlyForDeploymentPostprocessing = 0;
		};
/* End PBXResourcesBuildPhase section */

/* Begin PBXSourcesBuildPhase section */
		EEDC4A341F67C39500EBF334 /* Sources */ = {
			isa = PBXSourcesBuildPhase;
			buildActionMask = 2147483647;
			files = (
				EEDC4A541F67C7D400EBF334 /* Kkobugi.swift in Sources */,
				EEDC4A521F67C7B300EBF334 /* Fairi.swift in Sources */,
				EEDC4A4E1F67C3A200EBF334 /* Pocketmon.swift in Sources */,
				EEDC4A501F67C77A00EBF334 /* Pikachu.swift in Sources */,
				EEDC4A3E1F67C39500EBF334 /* ViewController.swift in Sources */,
				EEDC4A3C1F67C39500EBF334 /* AppDelegate.swift in Sources */,
			);
			runOnlyForDeploymentPostprocessing = 0;
		};
/* End PBXSourcesBuildPhase section */

/* Begin PBXVariantGroup section */
		EEDC4A3F1F67C39500EBF334 /* Main.storyboard */ = {
			isa = PBXVariantGroup;
			children = (
				EEDC4A401F67C39500EBF334 /* Base */,
			);
			name = Main.storyboard;
			sourceTree = "<group>";
		};
		EEDC4A441F67C39500EBF334 /* LaunchScreen.storyboard */ = {
			isa = PBXVariantGroup;
			children = (
				EEDC4A451F67C39500EBF334 /* Base */,
			);
			name = LaunchScreen.storyboard;
			sourceTree = "<group>";
		};
/* End PBXVariantGroup section */

/* Begin XCBuildConfiguration section */
		EEDC4A481F67C39500EBF334 /* Debug */ = {
			isa = XCBuildConfiguration;
			buildSettings = {
				ALWAYS_SEARCH_USER_PATHS = NO;
				CLANG_ANALYZER_NONNULL = YES;
				CLANG_ANALYZER_NUMBER_OBJECT_CONVERSION = YES_AGGRESSIVE;
				CLANG_CXX_LANGUAGE_STANDARD = "gnu++0x";
				CLANG_CXX_LIBRARY = "libc++";
				CLANG_ENABLE_MODULES = YES;
				CLANG_ENABLE_OBJC_ARC = YES;
				CLANG_WARN_BOOL_CONVERSION = YES;
				CLANG_WARN_CONSTANT_CONVERSION = YES;
				CLANG_WARN_DIRECT_OBJC_ISA_USAGE = YES_ERROR;
				CLANG_WARN_DOCUMENTATION_COMMENTS = YES;
				CLANG_WARN_EMPTY_BODY = YES;
				CLANG_WARN_ENUM_CONVERSION = YES;
				CLANG_WARN_INFINITE_RECURSION = YES;
				CLANG_WARN_INT_CONVERSION = YES;
				CLANG_WARN_OBJC_ROOT_CLASS = YES_ERROR;
				CLANG_WARN_SUSPICIOUS_MOVE = YES;
				CLANG_WARN_UNREACHABLE_CODE = YES;
				CLANG_WARN__DUPLICATE_METHOD_MATCH = YES;
				"CODE_SIGN_IDENTITY[sdk=iphoneos*]" = "iPhone Developer";
				COPY_PHASE_STRIP = NO;
				DEBUG_INFORMATION_FORMAT = dwarf;
				ENABLE_STRICT_OBJC_MSGSEND = YES;
				ENABLE_TESTABILITY = YES;
				GCC_C_LANGUAGE_STANDARD = gnu99;
				GCC_DYNAMIC_NO_PIC = NO;
				GCC_NO_COMMON_BLOCKS = YES;
				GCC_OPTIMIZATION_LEVEL = 0;
				GCC_PREPROCESSOR_DEFINITIONS = (
					"DEBUG=1",
					"$(inherited)",
				);
				GCC_WARN_64_TO_32_BIT_CONVERSION = YES;
				GCC_WARN_ABOUT_RETURN_TYPE = YES_ERROR;
				GCC_WARN_UNDECLARED_SELECTOR = YES;
				GCC_WARN_UNINITIALIZED_AUTOS = YES_AGGRESSIVE;
				GCC_WARN_UNUSED_FUNCTION = YES;
				GCC_WARN_UNUSED_VARIABLE = YES;
				IPHONEOS_DEPLOYMENT_TARGET = 10.3;
				MTL_ENABLE_DEBUG_INFO = YES;
				ONLY_ACTIVE_ARCH = YES;
				SDKROOT = iphoneos;
				SWIFT_ACTIVE_COMPILATION_CONDITIONS = DEBUG;
				SWIFT_OPTIMIZATION_LEVEL = "-Onone";
			};
			name = Debug;
		};
		EEDC4A491F67C39500EBF334 /* Release */ = {
			isa = XCBuildConfiguration;
			buildSettings = {
				ALWAYS_SEARCH_USER_PATHS = NO;
				CLANG_ANALYZER_NONNULL = YES;
				CLANG_ANALYZER_NUMBER_OBJECT_CONVERSION = YES_AGGRESSIVE;
				CLANG_CXX_LANGUAGE_STANDARD = "gnu++0x";
				CLANG_CXX_LIBRARY = "libc++";
				CLANG_ENABLE_MODULES = YES;
				CLANG_ENABLE_OBJC_ARC = YES;
				CLANG_WARN_BOOL_CONVERSION = YES;
				CLANG_WARN_CONSTANT_CONVERSION = YES;
				CLANG_WARN_DIRECT_OBJC_ISA_USAGE = YES_ERROR;
				CLANG_WARN_DOCUMENTATION_COMMENTS = YES;
				CLANG_WARN_EMPTY_BODY = YES;
				CLANG_WARN_ENUM_CONVERSION = YES;
				CLANG_WARN_INFINITE_RECURSION = YES;
				CLANG_WARN_INT_CONVERSION = YES;
				CLANG_WARN_OBJC_ROOT_CLASS = YES_ERROR;
				CLANG_WARN_SUSPICIOUS_MOVE = YES;
				CLANG_WARN_UNREACHABLE_CODE = YES;
				CLANG_WARN__DUPLICATE_METHOD_MATCH = YES;
				"CODE_SIGN_IDENTITY[sdk=iphoneos*]" = "iPhone Developer";
				COPY_PHASE_STRIP = NO;
				DEBUG_INFORMATION_FORMAT = "dwarf-with-dsym";
				ENABLE_NS_ASSERTIONS = NO;
				ENABLE_STRICT_OBJC_MSGSEND = YES;
				GCC_C_LANGUAGE_STANDARD = gnu99;
				GCC_NO_COMMON_BLOCKS = YES;
				GCC_WARN_64_TO_32_BIT_CONVERSION = YES;
				GCC_WARN_ABOUT_RETURN_TYPE = YES_ERROR;
				GCC_WARN_UNDECLARED_SELECTOR = YES;
				GCC_WARN_UNINITIALIZED_AUTOS = YES_AGGRESSIVE;
				GCC_WARN_UNUSED_FUNCTION = YES;
				GCC_WARN_UNUSED_VARIABLE = YES;
				IPHONEOS_DEPLOYMENT_TARGET = 10.3;
				MTL_ENABLE_DEBUG_INFO = NO;
				SDKROOT = iphoneos;
				SWIFT_OPTIMIZATION_LEVEL = "-Owholemodule";
				VALIDATE_PRODUCT = YES;
			};
			name = Release;
		};
		EEDC4A4B1F67C39500EBF334 /* Debug */ = {
			isa = XCBuildConfiguration;
			buildSettings = {
				ASSETCATALOG_COMPILER_APPICON_NAME = AppIcon;
				INFOPLIST_FILE = Pocketmon/Info.plist;
				LD_RUNPATH_SEARCH_PATHS = "$(inherited) @executable_path/Frameworks";
				PRODUCT_BUNDLE_IDENTIFIER = com.undervine.Pocketmon;
				PRODUCT_NAME = "$(TARGET_NAME)";
				SWIFT_VERSION = 3.0;
			};
			name = Debug;
		};
		EEDC4A4C1F67C39500EBF334 /* Release */ = {
			isa = XCBuildConfiguration;
			buildSettings = {
				ASSETCATALOG_COMPILER_APPICON_NAME = AppIcon;
				INFOPLIST_FILE = Pocketmon/Info.plist;
				LD_RUNPATH_SEARCH_PATHS = "$(inherited) @executable_path/Frameworks";
				PRODUCT_BUNDLE_IDENTIFIER = com.undervine.Pocketmon;
				PRODUCT_NAME = "$(TARGET_NAME)";
				SWIFT_VERSION = 3.0;
			};
			name = Release;
		};
/* End XCBuildConfiguration section */

/* Begin XCConfigurationList section */
		EEDC4A331F67C39500EBF334 /* Build configuration list for PBXProject "Pocketmon" */ = {
			isa = XCConfigurationList;
			buildConfigurations = (
				EEDC4A481F67C39500EBF334 /* Debug */,
				EEDC4A491F67C39500EBF334 /* Release */,
			);
			defaultConfigurationIsVisible = 0;
			defaultConfigurationName = Release;
		};
		EEDC4A4A1F67C39500EBF334 /* Build configuration list for PBXNativeTarget "Pocketmon" */ = {
			isa = XCConfigurationList;
			buildConfigurations = (
				EEDC4A4B1F67C39500EBF334 /* Debug */,
				EEDC4A4C1F67C39500EBF334 /* Release */,
			);
			defaultConfigurationIsVisible = 0;
		};
/* End XCConfigurationList section */
	};
	rootObject = EEDC4A301F67C39500EBF334 /* Project object */;
}
